
Microsoft Visual Studio Solution File, Format Version 12.00
# Visual Studio Version 17
VisualStudioVersion = 17.8.34511.84
MinimumVisualStudioVersion = 10.0.40219.1
Project("{D954291E-2A0B-460D-934E-DC6B0785DB48}") = "Impart", "Impart\Impart.shproj", "{BE650113-8010-4A08-BB99-B3EA6FD1C12C}"
EndProject
Project("{9A19103F-16F7-4668-BE54-9A1E7A4F7556}") = "Impart.WinUI", "Impart.WinUI\Impart.WinUI.csproj", "{0C968C02-4347-46D8-9DA7-F832B3F60652}"
EndProject
Global
	GlobalSection(SolutionConfigurationPlatforms) = preSolution
		Debug|ARM64 = Debug|ARM64
		Debug|x64 = Debug|x64
		Debug|x86 = Debug|x86
		Release|ARM64 = Release|ARM64
		Release|x64 = Release|x64
		Release|x86 = Release|x86
	EndGlobalSection
	GlobalSection(ProjectConfigurationPlatforms) = postSolution
		{0C968C02-4347-46D8-9DA7-F832B3F60652}.Debug|ARM64.ActiveCfg = Debug|ARM64
		{0C968C02-4347-46D8-9DA7-F832B3F60652}.Debug|ARM64.Build.0 = Debug|ARM64
		{0C968C02-4347-46D8-9DA7-F832B3F60652}.Debug|ARM64.Deploy.0 = Debug|ARM64
		{0C968C02-4347-46D8-9DA7-F832B3F60652}.Debug|x64.ActiveCfg = Debug|x64
		{0C968C02-4347-46D8-9DA7-F832B3F60652}.Debug|x64.Build.0 = Debug|x64
		{0C968C02-4347-46D8-9DA7-F832B3F60652}.Debug|x64.Deploy.0 = Debug|x64
		{0C968C02-4347-46D8-9DA7-F832B3F60652}.Debug|x86.ActiveCfg = Debug|x86
		{0C968C02-4347-46D8-9DA7-F832B3F60652}.Debug|x86.Build.0 = Debug|x86
		{0C968C02-4347-46D8-9DA7-F832B3F60652}.Debug|x86.Deploy.0 = Debug|x86
		{0C968C02-4347-46D8-9DA7-F832B3F60652}.Release|ARM64.ActiveCfg = Release|ARM64
		{0C968C02-4347-46D8-9DA7-F832B3F60652}.Release|ARM64.Build.0 = Release|ARM64
		{0C968C02-4347-46D8-9DA7-F832B3F60652}.Release|ARM64.Deploy.0 = Release|ARM64
		{0C968C02-4347-46D8-9DA7-F832B3F60652}.Release|x64.ActiveCfg = Release|x64
		{0C968C02-4347-46D8-9DA7-F832B3F60652}.Release|x64.Build.0 = Release|x64
		{0C968C02-4347-46D8-9DA7-F832B3F60652}.Release|x64.Deploy.0 = Release|x64
		{0C968C02-4347-46D8-9DA7-F832B3F60652}.Release|x86.ActiveCfg = Release|x86
		{0C968C02-4347-46D8-9DA7-F832B3F60652}.Release|x86.Build.0 = Release|x86
		{0C968C02-4347-46D8-9DA7-F832B3F60652}.Release|x86.Deploy.0 = Release|x86
	EndGlobalSection
	GlobalSection(SolutionProperties) = preSolution
		HideSolutionNode = FALSE
	EndGlobalSection
	GlobalSection(ExtensibilityGlobals) = postSolution
		SolutionGuid = {C75B2FC9-A9F7-493C-9A65-0FD6A84DBA92}
	EndGlobalSection
	GlobalSection(SharedMSBuildProjectFiles) = preSolution
		Impart\Impart.projitems*{0c968c02-4347-46d8-9da7-f832b3f60652}*SharedItemsImports = 5
		Impart\Impart.projitems*{be650113-8010-4a08-bb99-b3ea6fd1c12c}*SharedItemsImports = 13
	EndGlobalSection
EndGlobal
