
Microsoft Visual Studio Solution File, Format Version 12.00
# Visual Studio Version 17
VisualStudioVersion = 17.8.34511.84
MinimumVisualStudioVersion = 10.0.40219.1
Project("{D954291E-2A0B-460D-934E-DC6B0785DB48}") = "BluDay.Common", "BluDay.Common\BluDay.Common.shproj", "{0E1A4031-0EA7-425C-9871-F61C58666CD3}"
EndProject
Project("{D954291E-2A0B-460D-934E-DC6B0785DB48}") = "BluDay.Impart.App", "BluDay.Impart.App\BluDay.Impart.App.shproj", "{BE650113-8010-4A08-BB99-B3EA6FD1C12C}"
EndProject
Project("{9A19103F-16F7-4668-BE54-9A1E7A4F7556}") = "BluDay.Impart.App.WinUI", "BluDay.Impart.App.WinUI\BluDay.Impart.App.WinUI.csproj", "{0C968C02-4347-46D8-9DA7-F832B3F60652}"
EndProject
Project("{9A19103F-16F7-4668-BE54-9A1E7A4F7556}") = "BluDay.Impart.App.WPF", "BluDay.Impart.App.WPF\BluDay.Impart.App.WPF.csproj", "{771235F8-471C-41CC-B895-ED5C97503C88}"
EndProject
Global
	GlobalSection(SolutionConfigurationPlatforms) = preSolution
		Debug|ARM64 = Debug|ARM64
		Debug|x64 = Debug|x64
		Release|ARM64 = Release|ARM64
		Release|x64 = Release|x64
	EndGlobalSection
	GlobalSection(ProjectConfigurationPlatforms) = postSolution
		{0C968C02-4347-46D8-9DA7-F832B3F60652}.Debug|ARM64.ActiveCfg = Debug|ARM64
		{0C968C02-4347-46D8-9DA7-F832B3F60652}.Debug|ARM64.Build.0 = Debug|ARM64
		{0C968C02-4347-46D8-9DA7-F832B3F60652}.Debug|ARM64.Deploy.0 = Debug|ARM64
		{0C968C02-4347-46D8-9DA7-F832B3F60652}.Debug|x64.ActiveCfg = Debug|x64
		{0C968C02-4347-46D8-9DA7-F832B3F60652}.Debug|x64.Build.0 = Debug|x64
		{0C968C02-4347-46D8-9DA7-F832B3F60652}.Debug|x64.Deploy.0 = Debug|x64
		{0C968C02-4347-46D8-9DA7-F832B3F60652}.Release|ARM64.ActiveCfg = Release|ARM64
		{0C968C02-4347-46D8-9DA7-F832B3F60652}.Release|ARM64.Build.0 = Release|ARM64
		{0C968C02-4347-46D8-9DA7-F832B3F60652}.Release|ARM64.Deploy.0 = Release|ARM64
		{0C968C02-4347-46D8-9DA7-F832B3F60652}.Release|x64.ActiveCfg = Release|x64
		{0C968C02-4347-46D8-9DA7-F832B3F60652}.Release|x64.Build.0 = Release|x64
		{0C968C02-4347-46D8-9DA7-F832B3F60652}.Release|x64.Deploy.0 = Release|x64
		{771235F8-471C-41CC-B895-ED5C97503C88}.Debug|ARM64.ActiveCfg = Debug|Any CPU
		{771235F8-471C-41CC-B895-ED5C97503C88}.Debug|ARM64.Build.0 = Debug|Any CPU
		{771235F8-471C-41CC-B895-ED5C97503C88}.Debug|x64.ActiveCfg = Debug|Any CPU
		{771235F8-471C-41CC-B895-ED5C97503C88}.Debug|x64.Build.0 = Debug|Any CPU
		{771235F8-471C-41CC-B895-ED5C97503C88}.Release|ARM64.ActiveCfg = Release|Any CPU
		{771235F8-471C-41CC-B895-ED5C97503C88}.Release|ARM64.Build.0 = Release|Any CPU
		{771235F8-471C-41CC-B895-ED5C97503C88}.Release|x64.ActiveCfg = Release|Any CPU
		{771235F8-471C-41CC-B895-ED5C97503C88}.Release|x64.Build.0 = Release|Any CPU
	EndGlobalSection
	GlobalSection(SolutionProperties) = preSolution
		HideSolutionNode = FALSE
	EndGlobalSection
	GlobalSection(ExtensibilityGlobals) = postSolution
		SolutionGuid = {C75B2FC9-A9F7-493C-9A65-0FD6A84DBA92}
	EndGlobalSection
	GlobalSection(SharedMSBuildProjectFiles) = preSolution
		BluDay.Common\BluDay.Common.projitems*{0c968c02-4347-46d8-9da7-f832b3f60652}*SharedItemsImports = 5
		BluDay.Impart.App\BluDay.Impart.App.projitems*{0c968c02-4347-46d8-9da7-f832b3f60652}*SharedItemsImports = 5
		BluDay.Common\BluDay.Common.projitems*{0e1a4031-0ea7-425c-9871-f61c58666cd3}*SharedItemsImports = 13
		BluDay.Common\BluDay.Common.projitems*{771235f8-471c-41cc-b895-ed5c97503c88}*SharedItemsImports = 5
		BluDay.Impart.App\BluDay.Impart.App.projitems*{771235f8-471c-41cc-b895-ed5c97503c88}*SharedItemsImports = 5
		BluDay.Impart.App\BluDay.Impart.App.projitems*{be650113-8010-4a08-bb99-b3ea6fd1c12c}*SharedItemsImports = 13
	EndGlobalSection
EndGlobal
